# THIS IS AN AUTOGENERATED FILE. DO NOT EDIT THIS FILE DIRECTLY.
# yarn lockfile v1


bs-stepper@^1.7.0:
  version "1.7.0"
  resolved "https://registry.yarnpkg.com/bs-stepper/-/bs-stepper-1.7.0.tgz#bfa4cc51c4e67957caae57f5bdcba1977186bac1"
  integrity sha512-+DX7UKKgw2GI6ucsSCRd19VHYrxf/8znRCLs1lQVVLxz+h7EqgIOxoHcJ0/QTaaNoR9Cwg78ydo6hXIasyd3LA==
